
Microsoft Visual Studio Solution File, Format Version 12.00
# Visual Studio Version 16
VisualStudioVersion = 25.0.1706.7
MinimumVisualStudioVersion = 10.0.40219.1
Project("{FAE04EC0-301F-11D3-BF4B-00C04F79EFBC}") = "Metin2AttackGame", "Metin2AttackGame\Metin2AttackGame.csproj", "{E071A2B7-936C-415A-935B-AD1AD46C83EC}"
EndProject
Global
	GlobalSection(SolutionConfigurationPlatforms) = preSolution
		Debug|Any CPU = Debug|Any CPU
		Release|Any CPU = Release|Any CPU
	EndGlobalSection
	GlobalSection(ProjectConfigurationPlatforms) = postSolution
		{E071A2B7-936C-415A-935B-AD1AD46C83EC}.Debug|Any CPU.ActiveCfg = Debug|Any CPU
		{E071A2B7-936C-415A-935B-AD1AD46C83EC}.Debug|Any CPU.Build.0 = Debug|Any CPU
		{E071A2B7-936C-415A-935B-AD1AD46C83EC}.Release|Any CPU.ActiveCfg = Release|Any CPU
		{E071A2B7-936C-415A-935B-AD1AD46C83EC}.Release|Any CPU.Build.0 = Release|Any CPU
	EndGlobalSection
	GlobalSection(SolutionProperties) = preSolution
		HideSolutionNode = FALSE
	EndGlobalSection
	GlobalSection(ExtensibilityGlobals) = postSolution
		SolutionGuid = {5D4C0FFF-E0E7-454C-B857-8CC4D8AEADEB}
	EndGlobalSection
EndGlobal
