
Microsoft Visual Studio Solution File, Format Version 12.00
# Visual Studio Version 16
VisualStudioVersion = 25.0.1706.7
MinimumVisualStudioVersion = 10.0.40219.1
Project("{FAE04EC0-301F-11D3-BF4B-00C04F79EFBC}") = "LibraryApp", "LibraryApp\LibraryApp.csproj", "{ACF355CE-0C0A-4F23-B11D-E795197D0355}"
EndProject
Global
	GlobalSection(SolutionConfigurationPlatforms) = preSolution
		Debug|Any CPU = Debug|Any CPU
		Release|Any CPU = Release|Any CPU
	EndGlobalSection
	GlobalSection(ProjectConfigurationPlatforms) = postSolution
		{ACF355CE-0C0A-4F23-B11D-E795197D0355}.Debug|Any CPU.ActiveCfg = Debug|Any CPU
		{ACF355CE-0C0A-4F23-B11D-E795197D0355}.Debug|Any CPU.Build.0 = Debug|Any CPU
		{ACF355CE-0C0A-4F23-B11D-E795197D0355}.Release|Any CPU.ActiveCfg = Release|Any CPU
		{ACF355CE-0C0A-4F23-B11D-E795197D0355}.Release|Any CPU.Build.0 = Release|Any CPU
	EndGlobalSection
	GlobalSection(SolutionProperties) = preSolution
		HideSolutionNode = FALSE
	EndGlobalSection
	GlobalSection(ExtensibilityGlobals) = postSolution
		SolutionGuid = {36FCF299-AD6B-44A6-B051-D667C1E04226}
	EndGlobalSection
EndGlobal
