
Microsoft Visual Studio Solution File, Format Version 12.00
# Visual Studio Version 16
VisualStudioVersion = 25.0.1706.7
MinimumVisualStudioVersion = 10.0.40219.1
Project("{FAE04EC0-301F-11D3-BF4B-00C04F79EFBC}") = "EfCoreDatabase", "EfCoreDatabase\EfCoreDatabase.csproj", "{22062BAE-3C6F-4C7D-BFC7-A973E7F7B677}"
EndProject
Global
	GlobalSection(SolutionConfigurationPlatforms) = preSolution
		Debug|Any CPU = Debug|Any CPU
		Release|Any CPU = Release|Any CPU
	EndGlobalSection
	GlobalSection(ProjectConfigurationPlatforms) = postSolution
		{22062BAE-3C6F-4C7D-BFC7-A973E7F7B677}.Debug|Any CPU.ActiveCfg = Debug|Any CPU
		{22062BAE-3C6F-4C7D-BFC7-A973E7F7B677}.Debug|Any CPU.Build.0 = Debug|Any CPU
		{22062BAE-3C6F-4C7D-BFC7-A973E7F7B677}.Release|Any CPU.ActiveCfg = Release|Any CPU
		{22062BAE-3C6F-4C7D-BFC7-A973E7F7B677}.Release|Any CPU.Build.0 = Release|Any CPU
	EndGlobalSection
	GlobalSection(SolutionProperties) = preSolution
		HideSolutionNode = FALSE
	EndGlobalSection
	GlobalSection(ExtensibilityGlobals) = postSolution
		SolutionGuid = {7EE711AD-AD31-473D-8F4F-397996091C7D}
	EndGlobalSection
EndGlobal
